
Microsoft Visual Studio Solution File, Format Version 12.00
# Visual Studio Version 17
VisualStudioVersion = 17.6.33815.320
MinimumVisualStudioVersion = 10.0.40219.1
Project("{FAE04EC0-301F-11D3-BF4B-00C04F79EFBC}") = "01SecretChat", "01SecretChat\01SecretChat.csproj", "{66AD6075-D24F-4420-B691-47E04498CDD5}"
EndProject
Project("{FAE04EC0-301F-11D3-BF4B-00C04F79EFBC}") = "02MirrorWords", "02MirrorWords\02MirrorWords.csproj", "{D3642D61-E85B-403C-8406-0886F23555C4}"
EndProject
Project("{FAE04EC0-301F-11D3-BF4B-00C04F79EFBC}") = "03NeedForSpeed3", "03NeedForSpeed3\03NeedForSpeed3.csproj", "{B6ADA927-7379-4EB7-BB27-7C5716F9B072}"
EndProject
Global
	GlobalSection(SolutionConfigurationPlatforms) = preSolution
		Debug|Any CPU = Debug|Any CPU
		Release|Any CPU = Release|Any CPU
	EndGlobalSection
	GlobalSection(ProjectConfigurationPlatforms) = postSolution
		{66AD6075-D24F-4420-B691-47E04498CDD5}.Debug|Any CPU.ActiveCfg = Debug|Any CPU
		{66AD6075-D24F-4420-B691-47E04498CDD5}.Debug|Any CPU.Build.0 = Debug|Any CPU
		{66AD6075-D24F-4420-B691-47E04498CDD5}.Release|Any CPU.ActiveCfg = Release|Any CPU
		{66AD6075-D24F-4420-B691-47E04498CDD5}.Release|Any CPU.Build.0 = Release|Any CPU
		{D3642D61-E85B-403C-8406-0886F23555C4}.Debug|Any CPU.ActiveCfg = Debug|Any CPU
		{D3642D61-E85B-403C-8406-0886F23555C4}.Debug|Any CPU.Build.0 = Debug|Any CPU
		{D3642D61-E85B-403C-8406-0886F23555C4}.Release|Any CPU.ActiveCfg = Release|Any CPU
		{D3642D61-E85B-403C-8406-0886F23555C4}.Release|Any CPU.Build.0 = Release|Any CPU
		{B6ADA927-7379-4EB7-BB27-7C5716F9B072}.Debug|Any CPU.ActiveCfg = Debug|Any CPU
		{B6ADA927-7379-4EB7-BB27-7C5716F9B072}.Debug|Any CPU.Build.0 = Debug|Any CPU
		{B6ADA927-7379-4EB7-BB27-7C5716F9B072}.Release|Any CPU.ActiveCfg = Release|Any CPU
		{B6ADA927-7379-4EB7-BB27-7C5716F9B072}.Release|Any CPU.Build.0 = Release|Any CPU
	EndGlobalSection
	GlobalSection(SolutionProperties) = preSolution
		HideSolutionNode = FALSE
	EndGlobalSection
	GlobalSection(ExtensibilityGlobals) = postSolution
		SolutionGuid = {CADE3B17-1CF9-4DDB-A664-96DF1D2E2F1A}
	EndGlobalSection
EndGlobal
