
Microsoft Visual Studio Solution File, Format Version 12.00
# Visual Studio Version 17
VisualStudioVersion = 17.6.33815.320
MinimumVisualStudioVersion = 10.0.40219.1
Project("{FAE04EC0-301F-11D3-BF4B-00C04F79EFBC}") = "01PasswordReset", "01PasswordReset\01PasswordReset.csproj", "{76A3228A-8F1E-4646-8984-3815347666E7}"
EndProject
Project("{FAE04EC0-301F-11D3-BF4B-00C04F79EFBC}") = "02FancyBarcodes", "02FancyBarcodes\02FancyBarcodes.csproj", "{197717B3-9CE6-4F6E-AA8A-5164B09D03CA}"
EndProject
Project("{FAE04EC0-301F-11D3-BF4B-00C04F79EFBC}") = "03HeroesOfCodeAndLogicVII", "03HeroesOfCodeAndLogicVII\03HeroesOfCodeAndLogicVII.csproj", "{5CE9F452-CB99-4F88-9BDC-A3A67FCC7377}"
EndProject
Global
	GlobalSection(SolutionConfigurationPlatforms) = preSolution
		Debug|Any CPU = Debug|Any CPU
		Release|Any CPU = Release|Any CPU
	EndGlobalSection
	GlobalSection(ProjectConfigurationPlatforms) = postSolution
		{76A3228A-8F1E-4646-8984-3815347666E7}.Debug|Any CPU.ActiveCfg = Debug|Any CPU
		{76A3228A-8F1E-4646-8984-3815347666E7}.Debug|Any CPU.Build.0 = Debug|Any CPU
		{76A3228A-8F1E-4646-8984-3815347666E7}.Release|Any CPU.ActiveCfg = Release|Any CPU
		{76A3228A-8F1E-4646-8984-3815347666E7}.Release|Any CPU.Build.0 = Release|Any CPU
		{197717B3-9CE6-4F6E-AA8A-5164B09D03CA}.Debug|Any CPU.ActiveCfg = Debug|Any CPU
		{197717B3-9CE6-4F6E-AA8A-5164B09D03CA}.Debug|Any CPU.Build.0 = Debug|Any CPU
		{197717B3-9CE6-4F6E-AA8A-5164B09D03CA}.Release|Any CPU.ActiveCfg = Release|Any CPU
		{197717B3-9CE6-4F6E-AA8A-5164B09D03CA}.Release|Any CPU.Build.0 = Release|Any CPU
		{5CE9F452-CB99-4F88-9BDC-A3A67FCC7377}.Debug|Any CPU.ActiveCfg = Debug|Any CPU
		{5CE9F452-CB99-4F88-9BDC-A3A67FCC7377}.Debug|Any CPU.Build.0 = Debug|Any CPU
		{5CE9F452-CB99-4F88-9BDC-A3A67FCC7377}.Release|Any CPU.ActiveCfg = Release|Any CPU
		{5CE9F452-CB99-4F88-9BDC-A3A67FCC7377}.Release|Any CPU.Build.0 = Release|Any CPU
	EndGlobalSection
	GlobalSection(SolutionProperties) = preSolution
		HideSolutionNode = FALSE
	EndGlobalSection
	GlobalSection(ExtensibilityGlobals) = postSolution
		SolutionGuid = {FD1C4B3D-F371-429F-AC5C-2F32FB54B3A6}
	EndGlobalSection
EndGlobal
