
Microsoft Visual Studio Solution File, Format Version 12.00
# Visual Studio Version 17
VisualStudioVersion = 17.6.33815.320
MinimumVisualStudioVersion = 10.0.40219.1
Project("{FAE04EC0-301F-11D3-BF4B-00C04F79EFBC}") = "01CounterStrike", "01CounterStrike\01CounterStrike.csproj", "{0517413A-002D-4622-9BFA-B160691F9190}"
EndProject
Project("{FAE04EC0-301F-11D3-BF4B-00C04F79EFBC}") = "02ShootForTheWin", "02ShootForTheWin\02ShootForTheWin.csproj", "{69339536-BA7E-4284-8F4E-2318875D6A0E}"
EndProject
Project("{FAE04EC0-301F-11D3-BF4B-00C04F79EFBC}") = "03MovingTarget", "03MovingTarget\03MovingTarget.csproj", "{C4E56D61-A0DB-489F-AE8F-FB9DE794EF8A}"
EndProject
Global
	GlobalSection(SolutionConfigurationPlatforms) = preSolution
		Debug|Any CPU = Debug|Any CPU
		Release|Any CPU = Release|Any CPU
	EndGlobalSection
	GlobalSection(ProjectConfigurationPlatforms) = postSolution
		{0517413A-002D-4622-9BFA-B160691F9190}.Debug|Any CPU.ActiveCfg = Debug|Any CPU
		{0517413A-002D-4622-9BFA-B160691F9190}.Debug|Any CPU.Build.0 = Debug|Any CPU
		{0517413A-002D-4622-9BFA-B160691F9190}.Release|Any CPU.ActiveCfg = Release|Any CPU
		{0517413A-002D-4622-9BFA-B160691F9190}.Release|Any CPU.Build.0 = Release|Any CPU
		{69339536-BA7E-4284-8F4E-2318875D6A0E}.Debug|Any CPU.ActiveCfg = Debug|Any CPU
		{69339536-BA7E-4284-8F4E-2318875D6A0E}.Debug|Any CPU.Build.0 = Debug|Any CPU
		{69339536-BA7E-4284-8F4E-2318875D6A0E}.Release|Any CPU.ActiveCfg = Release|Any CPU
		{69339536-BA7E-4284-8F4E-2318875D6A0E}.Release|Any CPU.Build.0 = Release|Any CPU
		{C4E56D61-A0DB-489F-AE8F-FB9DE794EF8A}.Debug|Any CPU.ActiveCfg = Debug|Any CPU
		{C4E56D61-A0DB-489F-AE8F-FB9DE794EF8A}.Debug|Any CPU.Build.0 = Debug|Any CPU
		{C4E56D61-A0DB-489F-AE8F-FB9DE794EF8A}.Release|Any CPU.ActiveCfg = Release|Any CPU
		{C4E56D61-A0DB-489F-AE8F-FB9DE794EF8A}.Release|Any CPU.Build.0 = Release|Any CPU
	EndGlobalSection
	GlobalSection(SolutionProperties) = preSolution
		HideSolutionNode = FALSE
	EndGlobalSection
	GlobalSection(ExtensibilityGlobals) = postSolution
		SolutionGuid = {D0BBE988-5BA0-4377-9DA8-E559FBF11987}
	EndGlobalSection
EndGlobal
