
Microsoft Visual Studio Solution File, Format Version 12.00
# Visual Studio Version 17
VisualStudioVersion = 17.6.33815.320
MinimumVisualStudioVersion = 10.0.40219.1
Project("{FAE04EC0-301F-11D3-BF4B-00C04F79EFBC}") = "01WorldTour", "01WorldTour\01WorldTour.csproj", "{7C8D1193-8822-4731-803E-B90AE35110DF}"
EndProject
Project("{FAE04EC0-301F-11D3-BF4B-00C04F79EFBC}") = "02DestinationMapper", "02DestinationMapper\02DestinationMapper.csproj", "{35B68BF3-702D-4482-8FD7-F9E1FB48A27F}"
EndProject
Project("{FAE04EC0-301F-11D3-BF4B-00C04F79EFBC}") = "03PlantDiscovery", "03PlantDiscovery\03PlantDiscovery.csproj", "{44BDF139-CBD6-4822-AFB6-8A21602401D8}"
EndProject
Global
	GlobalSection(SolutionConfigurationPlatforms) = preSolution
		Debug|Any CPU = Debug|Any CPU
		Release|Any CPU = Release|Any CPU
	EndGlobalSection
	GlobalSection(ProjectConfigurationPlatforms) = postSolution
		{7C8D1193-8822-4731-803E-B90AE35110DF}.Debug|Any CPU.ActiveCfg = Debug|Any CPU
		{7C8D1193-8822-4731-803E-B90AE35110DF}.Debug|Any CPU.Build.0 = Debug|Any CPU
		{7C8D1193-8822-4731-803E-B90AE35110DF}.Release|Any CPU.ActiveCfg = Release|Any CPU
		{7C8D1193-8822-4731-803E-B90AE35110DF}.Release|Any CPU.Build.0 = Release|Any CPU
		{35B68BF3-702D-4482-8FD7-F9E1FB48A27F}.Debug|Any CPU.ActiveCfg = Debug|Any CPU
		{35B68BF3-702D-4482-8FD7-F9E1FB48A27F}.Debug|Any CPU.Build.0 = Debug|Any CPU
		{35B68BF3-702D-4482-8FD7-F9E1FB48A27F}.Release|Any CPU.ActiveCfg = Release|Any CPU
		{35B68BF3-702D-4482-8FD7-F9E1FB48A27F}.Release|Any CPU.Build.0 = Release|Any CPU
		{44BDF139-CBD6-4822-AFB6-8A21602401D8}.Debug|Any CPU.ActiveCfg = Debug|Any CPU
		{44BDF139-CBD6-4822-AFB6-8A21602401D8}.Debug|Any CPU.Build.0 = Debug|Any CPU
		{44BDF139-CBD6-4822-AFB6-8A21602401D8}.Release|Any CPU.ActiveCfg = Release|Any CPU
		{44BDF139-CBD6-4822-AFB6-8A21602401D8}.Release|Any CPU.Build.0 = Release|Any CPU
	EndGlobalSection
	GlobalSection(SolutionProperties) = preSolution
		HideSolutionNode = FALSE
	EndGlobalSection
	GlobalSection(ExtensibilityGlobals) = postSolution
		SolutionGuid = {C5D2E3BD-B257-4473-A9EB-680C872A8DC6}
	EndGlobalSection
EndGlobal
