
Microsoft Visual Studio Solution File, Format Version 12.00
# Visual Studio Version 17
VisualStudioVersion = 17.6.33815.320
MinimumVisualStudioVersion = 10.0.40219.1
Project("{9A19103F-16F7-4668-BE54-9A1E7A4F7556}") = "01ComputerStore", "01ComputerStore\01ComputerStore.csproj", "{F593077F-65B1-48B0-B68A-86BB21AEFF36}"
EndProject
Project("{FAE04EC0-301F-11D3-BF4B-00C04F79EFBC}") = "02TheLift", "02TheLift\02TheLift.csproj", "{DA37EFAC-BD57-4CEA-9B89-525ACCA9278A}"
EndProject
Project("{FAE04EC0-301F-11D3-BF4B-00C04F79EFBC}") = "03MemoryGame", "03MemoryGame\03MemoryGame.csproj", "{B7DB47F8-B6A2-4A4F-B4CE-0278DF8DC48E}"
EndProject
Global
	GlobalSection(SolutionConfigurationPlatforms) = preSolution
		Debug|Any CPU = Debug|Any CPU
		Release|Any CPU = Release|Any CPU
	EndGlobalSection
	GlobalSection(ProjectConfigurationPlatforms) = postSolution
		{F593077F-65B1-48B0-B68A-86BB21AEFF36}.Debug|Any CPU.ActiveCfg = Debug|Any CPU
		{F593077F-65B1-48B0-B68A-86BB21AEFF36}.Debug|Any CPU.Build.0 = Debug|Any CPU
		{F593077F-65B1-48B0-B68A-86BB21AEFF36}.Release|Any CPU.ActiveCfg = Release|Any CPU
		{F593077F-65B1-48B0-B68A-86BB21AEFF36}.Release|Any CPU.Build.0 = Release|Any CPU
		{DA37EFAC-BD57-4CEA-9B89-525ACCA9278A}.Debug|Any CPU.ActiveCfg = Debug|Any CPU
		{DA37EFAC-BD57-4CEA-9B89-525ACCA9278A}.Debug|Any CPU.Build.0 = Debug|Any CPU
		{DA37EFAC-BD57-4CEA-9B89-525ACCA9278A}.Release|Any CPU.ActiveCfg = Release|Any CPU
		{DA37EFAC-BD57-4CEA-9B89-525ACCA9278A}.Release|Any CPU.Build.0 = Release|Any CPU
		{B7DB47F8-B6A2-4A4F-B4CE-0278DF8DC48E}.Debug|Any CPU.ActiveCfg = Debug|Any CPU
		{B7DB47F8-B6A2-4A4F-B4CE-0278DF8DC48E}.Debug|Any CPU.Build.0 = Debug|Any CPU
		{B7DB47F8-B6A2-4A4F-B4CE-0278DF8DC48E}.Release|Any CPU.ActiveCfg = Release|Any CPU
		{B7DB47F8-B6A2-4A4F-B4CE-0278DF8DC48E}.Release|Any CPU.Build.0 = Release|Any CPU
	EndGlobalSection
	GlobalSection(SolutionProperties) = preSolution
		HideSolutionNode = FALSE
	EndGlobalSection
	GlobalSection(ExtensibilityGlobals) = postSolution
		SolutionGuid = {38ACC8FF-1541-4CC9-A5AF-BA388646CB48}
	EndGlobalSection
EndGlobal
